
Microsoft Visual Studio Solution File, Format Version 12.00
# Visual Studio Version 17
VisualStudioVersion = 17.0.31903.59
MinimumVisualStudioVersion = 10.0.40219.1
Project("{2150E333-8FDC-42A3-9474-1A3956D46DE8}") = "src", "src", "{314C3DB5-A7EC-452F-8342-BD977D3D876C}"
EndProject
Project("{9A19103F-16F7-4668-BE54-9A1E7A4F7556}") = "BlazorGourmet.Client", "src\BlazorGourmet.Client\BlazorGourmet.Client.csproj", "{246ABA83-7B88-454D-9300-F785291F8695}"
EndProject
Global
	GlobalSection(SolutionConfigurationPlatforms) = preSolution
		Debug|Any CPU = Debug|Any CPU
		Release|Any CPU = Release|Any CPU
	EndGlobalSection
	GlobalSection(ProjectConfigurationPlatforms) = postSolution
		{246ABA83-7B88-454D-9300-F785291F8695}.Debug|Any CPU.ActiveCfg = Debug|Any CPU
		{246ABA83-7B88-454D-9300-F785291F8695}.Debug|Any CPU.Build.0 = Debug|Any CPU
		{246ABA83-7B88-454D-9300-F785291F8695}.Release|Any CPU.ActiveCfg = Release|Any CPU
		{246ABA83-7B88-454D-9300-F785291F8695}.Release|Any CPU.Build.0 = Release|Any CPU
	EndGlobalSection
	GlobalSection(SolutionProperties) = preSolution
		HideSolutionNode = FALSE
	EndGlobalSection
	GlobalSection(NestedProjects) = preSolution
		{246ABA83-7B88-454D-9300-F785291F8695} = {314C3DB5-A7EC-452F-8342-BD977D3D876C}
	EndGlobalSection
	GlobalSection(ExtensibilityGlobals) = postSolution
		SolutionGuid = {01674424-1F29-4326-BE2A-5061D6B4C185}
	EndGlobalSection
EndGlobal
